
Microsoft Visual Studio Solution File, Format Version 12.00
# Visual Studio Version 17
VisualStudioVersion = 17.4.33213.308
MinimumVisualStudioVersion = 10.0.40219.1
Project("{FAE04EC0-301F-11D3-BF4B-00C04F79EFBC}") = "DemoNetStandard", "DemoNetStandard.csproj", "{1C362957-263A-42C2-A5AF-FBC5F7B6FB75}"
EndProject
Global
	GlobalSection(SolutionConfigurationPlatforms) = preSolution
		Debug|Any CPU = Debug|Any CPU
		Release|Any CPU = Release|Any CPU
	EndGlobalSection
	GlobalSection(ProjectConfigurationPlatforms) = postSolution
		{1C362957-263A-42C2-A5AF-FBC5F7B6FB75}.Debug|Any CPU.ActiveCfg = Debug|Any CPU
		{1C362957-263A-42C2-A5AF-FBC5F7B6FB75}.Debug|Any CPU.Build.0 = Debug|Any CPU
		{1C362957-263A-42C2-A5AF-FBC5F7B6FB75}.Release|Any CPU.ActiveCfg = Release|Any CPU
		{1C362957-263A-42C2-A5AF-FBC5F7B6FB75}.Release|Any CPU.Build.0 = Release|Any CPU
	EndGlobalSection
	GlobalSection(SolutionProperties) = preSolution
		HideSolutionNode = FALSE
	EndGlobalSection
	GlobalSection(ExtensibilityGlobals) = postSolution
		SolutionGuid = {D34101CA-A45F-4625-9020-CEBF2E62B42A}
	EndGlobalSection
EndGlobal
