
Microsoft Visual Studio Solution File, Format Version 12.00
# Visual Studio Version 17
VisualStudioVersion = 17.4.33213.308
MinimumVisualStudioVersion = 10.0.40219.1
Project("{9A19103F-16F7-4668-BE54-9A1E7A4F7556}") = "CoreCompatibilyzer", "CoreCompatibilyzer\CoreCompatibilyzer\CoreCompatibilyzer.csproj", "{C65DABFB-0598-40A9-A076-16C28AE50EE6}"
EndProject
Project("{9A19103F-16F7-4668-BE54-9A1E7A4F7556}") = "CoreCompatibilyzer.Package", "CoreCompatibilyzer\CoreCompatibilyzer.Package\CoreCompatibilyzer.Package.csproj", "{EA3201D7-2D5C-4B4E-9F14-3626E34F5738}"
EndProject
Project("{9A19103F-16F7-4668-BE54-9A1E7A4F7556}") = "CoreCompatibilyzer.Test", "CoreCompatibilyzer\CoreCompatibilyzer.Test\CoreCompatibilyzer.Test.csproj", "{4D82AFE2-E697-42E7-A38B-B7566EA6321C}"
EndProject
Project("{FAE04EC0-301F-11D3-BF4B-00C04F79EFBC}") = "CoreCompatibilyzer.Vsix", "CoreCompatibilyzer\CoreCompatibilyzer.Vsix\CoreCompatibilyzer.Vsix.csproj", "{98529723-17B5-4270-9141-783488DB6D81}"
EndProject
Project("{FAE04EC0-301F-11D3-BF4B-00C04F79EFBC}") = "CoreCompatibilyzer.Runner.NetFramework", "CoreCompatibilyzer\CoreCompatibilyzer.Runner.NetFramework\CoreCompatibilyzer.Runner.NetFramework.csproj", "{9C2BFEEA-7F6C-4851-8717-D2ED7C428A31}"
EndProject
Global
	GlobalSection(SolutionConfigurationPlatforms) = preSolution
		Debug|Any CPU = Debug|Any CPU
		Debug|arm64 = Debug|arm64
		Debug|x86 = Debug|x86
		Release|Any CPU = Release|Any CPU
		Release|arm64 = Release|arm64
		Release|x86 = Release|x86
	EndGlobalSection
	GlobalSection(ProjectConfigurationPlatforms) = postSolution
		{C65DABFB-0598-40A9-A076-16C28AE50EE6}.Debug|Any CPU.ActiveCfg = Debug|Any CPU
		{C65DABFB-0598-40A9-A076-16C28AE50EE6}.Debug|Any CPU.Build.0 = Debug|Any CPU
		{C65DABFB-0598-40A9-A076-16C28AE50EE6}.Debug|arm64.ActiveCfg = Debug|Any CPU
		{C65DABFB-0598-40A9-A076-16C28AE50EE6}.Debug|arm64.Build.0 = Debug|Any CPU
		{C65DABFB-0598-40A9-A076-16C28AE50EE6}.Debug|x86.ActiveCfg = Debug|Any CPU
		{C65DABFB-0598-40A9-A076-16C28AE50EE6}.Debug|x86.Build.0 = Debug|Any CPU
		{C65DABFB-0598-40A9-A076-16C28AE50EE6}.Release|Any CPU.ActiveCfg = Release|Any CPU
		{C65DABFB-0598-40A9-A076-16C28AE50EE6}.Release|Any CPU.Build.0 = Release|Any CPU
		{C65DABFB-0598-40A9-A076-16C28AE50EE6}.Release|arm64.ActiveCfg = Release|Any CPU
		{C65DABFB-0598-40A9-A076-16C28AE50EE6}.Release|arm64.Build.0 = Release|Any CPU
		{C65DABFB-0598-40A9-A076-16C28AE50EE6}.Release|x86.ActiveCfg = Release|Any CPU
		{C65DABFB-0598-40A9-A076-16C28AE50EE6}.Release|x86.Build.0 = Release|Any CPU
		{EA3201D7-2D5C-4B4E-9F14-3626E34F5738}.Debug|Any CPU.ActiveCfg = Debug|Any CPU
		{EA3201D7-2D5C-4B4E-9F14-3626E34F5738}.Debug|Any CPU.Build.0 = Debug|Any CPU
		{EA3201D7-2D5C-4B4E-9F14-3626E34F5738}.Debug|arm64.ActiveCfg = Debug|Any CPU
		{EA3201D7-2D5C-4B4E-9F14-3626E34F5738}.Debug|arm64.Build.0 = Debug|Any CPU
		{EA3201D7-2D5C-4B4E-9F14-3626E34F5738}.Debug|x86.ActiveCfg = Debug|Any CPU
		{EA3201D7-2D5C-4B4E-9F14-3626E34F5738}.Debug|x86.Build.0 = Debug|Any CPU
		{EA3201D7-2D5C-4B4E-9F14-3626E34F5738}.Release|Any CPU.ActiveCfg = Release|Any CPU
		{EA3201D7-2D5C-4B4E-9F14-3626E34F5738}.Release|Any CPU.Build.0 = Release|Any CPU
		{EA3201D7-2D5C-4B4E-9F14-3626E34F5738}.Release|arm64.ActiveCfg = Release|Any CPU
		{EA3201D7-2D5C-4B4E-9F14-3626E34F5738}.Release|arm64.Build.0 = Release|Any CPU
		{EA3201D7-2D5C-4B4E-9F14-3626E34F5738}.Release|x86.ActiveCfg = Release|Any CPU
		{EA3201D7-2D5C-4B4E-9F14-3626E34F5738}.Release|x86.Build.0 = Release|Any CPU
		{4D82AFE2-E697-42E7-A38B-B7566EA6321C}.Debug|Any CPU.ActiveCfg = Debug|Any CPU
		{4D82AFE2-E697-42E7-A38B-B7566EA6321C}.Debug|Any CPU.Build.0 = Debug|Any CPU
		{4D82AFE2-E697-42E7-A38B-B7566EA6321C}.Debug|arm64.ActiveCfg = Debug|Any CPU
		{4D82AFE2-E697-42E7-A38B-B7566EA6321C}.Debug|arm64.Build.0 = Debug|Any CPU
		{4D82AFE2-E697-42E7-A38B-B7566EA6321C}.Debug|x86.ActiveCfg = Debug|Any CPU
		{4D82AFE2-E697-42E7-A38B-B7566EA6321C}.Debug|x86.Build.0 = Debug|Any CPU
		{4D82AFE2-E697-42E7-A38B-B7566EA6321C}.Release|Any CPU.ActiveCfg = Release|Any CPU
		{4D82AFE2-E697-42E7-A38B-B7566EA6321C}.Release|Any CPU.Build.0 = Release|Any CPU
		{4D82AFE2-E697-42E7-A38B-B7566EA6321C}.Release|arm64.ActiveCfg = Release|Any CPU
		{4D82AFE2-E697-42E7-A38B-B7566EA6321C}.Release|arm64.Build.0 = Release|Any CPU
		{4D82AFE2-E697-42E7-A38B-B7566EA6321C}.Release|x86.ActiveCfg = Release|Any CPU
		{4D82AFE2-E697-42E7-A38B-B7566EA6321C}.Release|x86.Build.0 = Release|Any CPU
		{98529723-17B5-4270-9141-783488DB6D81}.Debug|Any CPU.ActiveCfg = Debug|Any CPU
		{98529723-17B5-4270-9141-783488DB6D81}.Debug|Any CPU.Build.0 = Debug|Any CPU
		{98529723-17B5-4270-9141-783488DB6D81}.Debug|arm64.ActiveCfg = Debug|arm64
		{98529723-17B5-4270-9141-783488DB6D81}.Debug|arm64.Build.0 = Debug|arm64
		{98529723-17B5-4270-9141-783488DB6D81}.Debug|x86.ActiveCfg = Debug|x86
		{98529723-17B5-4270-9141-783488DB6D81}.Debug|x86.Build.0 = Debug|x86
		{98529723-17B5-4270-9141-783488DB6D81}.Release|Any CPU.ActiveCfg = Release|Any CPU
		{98529723-17B5-4270-9141-783488DB6D81}.Release|Any CPU.Build.0 = Release|Any CPU
		{98529723-17B5-4270-9141-783488DB6D81}.Release|arm64.ActiveCfg = Release|arm64
		{98529723-17B5-4270-9141-783488DB6D81}.Release|arm64.Build.0 = Release|arm64
		{98529723-17B5-4270-9141-783488DB6D81}.Release|x86.ActiveCfg = Release|x86
		{98529723-17B5-4270-9141-783488DB6D81}.Release|x86.Build.0 = Release|x86
		{9C2BFEEA-7F6C-4851-8717-D2ED7C428A31}.Debug|Any CPU.ActiveCfg = Debug|Any CPU
		{9C2BFEEA-7F6C-4851-8717-D2ED7C428A31}.Debug|Any CPU.Build.0 = Debug|Any CPU
		{9C2BFEEA-7F6C-4851-8717-D2ED7C428A31}.Debug|arm64.ActiveCfg = Debug|Any CPU
		{9C2BFEEA-7F6C-4851-8717-D2ED7C428A31}.Debug|arm64.Build.0 = Debug|Any CPU
		{9C2BFEEA-7F6C-4851-8717-D2ED7C428A31}.Debug|x86.ActiveCfg = Debug|Any CPU
		{9C2BFEEA-7F6C-4851-8717-D2ED7C428A31}.Debug|x86.Build.0 = Debug|Any CPU
		{9C2BFEEA-7F6C-4851-8717-D2ED7C428A31}.Release|Any CPU.ActiveCfg = Release|Any CPU
		{9C2BFEEA-7F6C-4851-8717-D2ED7C428A31}.Release|Any CPU.Build.0 = Release|Any CPU
		{9C2BFEEA-7F6C-4851-8717-D2ED7C428A31}.Release|arm64.ActiveCfg = Release|Any CPU
		{9C2BFEEA-7F6C-4851-8717-D2ED7C428A31}.Release|arm64.Build.0 = Release|Any CPU
		{9C2BFEEA-7F6C-4851-8717-D2ED7C428A31}.Release|x86.ActiveCfg = Release|Any CPU
		{9C2BFEEA-7F6C-4851-8717-D2ED7C428A31}.Release|x86.Build.0 = Release|Any CPU
	EndGlobalSection
	GlobalSection(SolutionProperties) = preSolution
		HideSolutionNode = FALSE
	EndGlobalSection
	GlobalSection(ExtensibilityGlobals) = postSolution
		SolutionGuid = {9ED14222-13C4-4C74-9F30-7D360D8C03B0}
	EndGlobalSection
EndGlobal
